// !$*UTF8*$!
{
	archiveVersion = 1;
	classes = {
	};
	objectVersion = 52;
	objects = {

/* Begin PBXBuildFile section */
		CC12EA6226B1E8DE00BD2BCB /* Resolver in Frameworks */ = {isa = PBXBuildFile; productRef = CC12EA6126B1E8DE00BD2BCB /* Resolver */; };
		CC2C87792680A9FD00570234 /* Movies.swift in Sources */ = {isa = PBXBuildFile; fileRef = CC2C87782680A9FD00570234 /* Movies.swift */; };
		CC351E1126979BBF0037DB34 /* Config.swift in Sources */ = {isa = PBXBuildFile; fileRef = CC351E1026979BBF0037DB34 /* Config.swift */; };
		CC351E13269A580F0037DB34 /* Config.swift in Sources */ = {isa = PBXBuildFile; fileRef = CC351E1026979BBF0037DB34 /* Config.swift */; };
		CC351E15269A5C020037DB34 /* MoviesListView.swift in Sources */ = {isa = PBXBuildFile; fileRef = CC351E14269A5C020037DB34 /* MoviesListView.swift */; };
		CC351E17269B77590037DB34 /* ActivityIndicatorView.swift in Sources */ = {isa = PBXBuildFile; fileRef = CC351E16269B77590037DB34 /* ActivityIndicatorView.swift */; };
		CC351E1B269BA2070037DB34 /* MovieRowView.swift in Sources */ = {isa = PBXBuildFile; fileRef = CC351E1A269BA2070037DB34 /* MovieRowView.swift */; };
		CC351E1D269BA7B80037DB34 /* MockMovie.swift in Sources */ = {isa = PBXBuildFile; fileRef = CC351E1C269BA7B80037DB34 /* MockMovie.swift */; };
		CC351E1F269BC7B50037DB34 /* ImageView.swift in Sources */ = {isa = PBXBuildFile; fileRef = CC351E1E269BC7B50037DB34 /* ImageView.swift */; };
		CC351E21269CA9960037DB34 /* MovieDetailView.swift in Sources */ = {isa = PBXBuildFile; fileRef = CC351E20269CA9960037DB34 /* MovieDetailView.swift */; };
		CC351E23269CAF990037DB34 /* MovieDetail.swift in Sources */ = {isa = PBXBuildFile; fileRef = CC351E22269CAF990037DB34 /* MovieDetail.swift */; };
		CC351E2B269DC2940037DB34 /* Helper.swift in Sources */ = {isa = PBXBuildFile; fileRef = CC351E2A269DC2940037DB34 /* Helper.swift */; };
		CC351E2C269DC2D80037DB34 /* ExtensionsService.swift in Sources */ = {isa = PBXBuildFile; fileRef = CC456E54268FD9E600FF2113 /* ExtensionsService.swift */; };
		CC351E31269DC4C20037DB34 /* Movies.swift in Sources */ = {isa = PBXBuildFile; fileRef = CC2C87782680A9FD00570234 /* Movies.swift */; };
		CC351E32269DC4D00037DB34 /* MovieDetail.swift in Sources */ = {isa = PBXBuildFile; fileRef = CC351E22269CAF990037DB34 /* MovieDetail.swift */; };
		CC351E33269DC4D60037DB34 /* Helper.swift in Sources */ = {isa = PBXBuildFile; fileRef = CC351E2A269DC2940037DB34 /* Helper.swift */; };
		CC351E35269F1A790037DB34 /* MoviesListViewModel.swift in Sources */ = {isa = PBXBuildFile; fileRef = CC351E34269F1A780037DB34 /* MoviesListViewModel.swift */; };
		CC351E37269F1ABE0037DB34 /* MovieDetailViewModel.swift in Sources */ = {isa = PBXBuildFile; fileRef = CC351E36269F1ABE0037DB34 /* MovieDetailViewModel.swift */; };
		CC351E39269F1ADD0037DB34 /* ImageViewModel.swift in Sources */ = {isa = PBXBuildFile; fileRef = CC351E38269F1ADD0037DB34 /* ImageViewModel.swift */; };
		CC35563126AAFCF1002D0B07 /* App+Injection.swift in Sources */ = {isa = PBXBuildFile; fileRef = CC35563026AAFCF1002D0B07 /* App+Injection.swift */; };
		CC35563226AB018B002D0B07 /* MockURLProtocol.swift in Sources */ = {isa = PBXBuildFile; fileRef = CCF3A8EC267C1B5000CB5765 /* MockURLProtocol.swift */; };
		CC35563426AB03AB002D0B07 /* Resolver+Tests.swift in Sources */ = {isa = PBXBuildFile; fileRef = CC35563326AB03AB002D0B07 /* Resolver+Tests.swift */; };
		CC35563626AB23C2002D0B07 /* MockMoviesListViewModel.swift in Sources */ = {isa = PBXBuildFile; fileRef = CC35563526AB23C2002D0B07 /* MockMoviesListViewModel.swift */; };
		CC35563826AB5C25002D0B07 /* MockImageViewModel.swift in Sources */ = {isa = PBXBuildFile; fileRef = CC35563726AB5C25002D0B07 /* MockImageViewModel.swift */; };
		CC35563A26AC5189002D0B07 /* MockMoviesDetailViewModel.swift in Sources */ = {isa = PBXBuildFile; fileRef = CC35563926AC5189002D0B07 /* MockMoviesDetailViewModel.swift */; };
		CC35563C26AE2F4A002D0B07 /* ImageCache.swift in Sources */ = {isa = PBXBuildFile; fileRef = CC35563B26AE2F4A002D0B07 /* ImageCache.swift */; };
		CC35563E26AF50FE002D0B07 /* Styles.swift in Sources */ = {isa = PBXBuildFile; fileRef = CC35563D26AF50FE002D0B07 /* Styles.swift */; };
		CC3EC7AF26A189AA005D71A9 /* ErrorView.swift in Sources */ = {isa = PBXBuildFile; fileRef = CC3EC7AE26A189AA005D71A9 /* ErrorView.swift */; };
		CC3EC7B326A238CA005D71A9 /* Feedback.swift in Sources */ = {isa = PBXBuildFile; fileRef = CC3EC7B226A238CA005D71A9 /* Feedback.swift */; };
		CC3EC7B526A238D9005D71A9 /* System.swift in Sources */ = {isa = PBXBuildFile; fileRef = CC3EC7B426A238D9005D71A9 /* System.swift */; };
		CC3EC7B826A6040B005D71A9 /* Loadable.swift in Sources */ = {isa = PBXBuildFile; fileRef = CC3EC7B726A6040A005D71A9 /* Loadable.swift */; };
		CC456E52268FB79900FF2113 /* APIRequestInterface.swift in Sources */ = {isa = PBXBuildFile; fileRef = CC456E51268FB79900FF2113 /* APIRequestInterface.swift */; };
		CC456E53268FB7F600FF2113 /* APIRequestInterface.swift in Sources */ = {isa = PBXBuildFile; fileRef = CC456E51268FB79900FF2113 /* APIRequestInterface.swift */; };
		CC456E55268FD9E600FF2113 /* ExtensionsService.swift in Sources */ = {isa = PBXBuildFile; fileRef = CC456E54268FD9E600FF2113 /* ExtensionsService.swift */; };
		CC45F75126B32A3F0050B77C /* Quick in Frameworks */ = {isa = PBXBuildFile; productRef = CC45F75026B32A3F0050B77C /* Quick */; };
		CC45F75326B32C3B0050B77C /* Nimble in Frameworks */ = {isa = PBXBuildFile; productRef = CC45F75226B32C3B0050B77C /* Nimble */; };
		CC56950726812DE70055C07C /* MockResponseResult.json in Resources */ = {isa = PBXBuildFile; fileRef = CC5695012680ED070055C07C /* MockResponseResult.json */; };
		CC569508268135E70055C07C /* MockResponseResult.json in Resources */ = {isa = PBXBuildFile; fileRef = CC5695012680ED070055C07C /* MockResponseResult.json */; };
		CC56950B2682069A0055C07C /* HelperTests.swift in Sources */ = {isa = PBXBuildFile; fileRef = CC569509268205B00055C07C /* HelperTests.swift */; };
		CCBF629826B0806100BB0592 /* StarsRatingView.swift in Sources */ = {isa = PBXBuildFile; fileRef = CCBF629726B0806100BB0592 /* StarsRatingView.swift */; };
		CCBF629A26B0BF8F00BB0592 /* StarsVotedView.swift in Sources */ = {isa = PBXBuildFile; fileRef = CCBF629926B0BF8F00BB0592 /* StarsVotedView.swift */; };
		CCBF629C26B0C23A00BB0592 /* IconValueView.swift in Sources */ = {isa = PBXBuildFile; fileRef = CCBF629B26B0C23A00BB0592 /* IconValueView.swift */; };
		CCC199F526B1A77C00134803 /* OverlayTextView.swift in Sources */ = {isa = PBXBuildFile; fileRef = CCC199F426B1A77C00134803 /* OverlayTextView.swift */; };
		CCCA022026A953B90056D018 /* LoadableEnums.swift in Sources */ = {isa = PBXBuildFile; fileRef = CCCA021F26A953B90056D018 /* LoadableEnums.swift */; };
		CCCA022226A9740A0056D018 /* LoadableReduce.swift in Sources */ = {isa = PBXBuildFile; fileRef = CCCA022126A9740A0056D018 /* LoadableReduce.swift */; };
		CCF3A8B9267A8ED100CB5765 /* FeedReaderApp.swift in Sources */ = {isa = PBXBuildFile; fileRef = CCF3A8B8267A8ED100CB5765 /* FeedReaderApp.swift */; };
		CCF3A8BB267A8ED100CB5765 /* ContentView.swift in Sources */ = {isa = PBXBuildFile; fileRef = CCF3A8BA267A8ED100CB5765 /* ContentView.swift */; };
		CCF3A8BD267A8ED200CB5765 /* Assets.xcassets in Resources */ = {isa = PBXBuildFile; fileRef = CCF3A8BC267A8ED200CB5765 /* Assets.xcassets */; };
		CCF3A8CB267A8ED300CB5765 /* ServiceSpec.swift in Sources */ = {isa = PBXBuildFile; fileRef = CCF3A8CA267A8ED300CB5765 /* ServiceSpec.swift */; };
		CCF3A8E4267BE02B00CB5765 /* Service.swift in Sources */ = {isa = PBXBuildFile; fileRef = CCF3A8E3267BE02B00CB5765 /* Service.swift */; };
		CCF3A8EA267BFCFF00CB5765 /* Service.swift in Sources */ = {isa = PBXBuildFile; fileRef = CCF3A8E3267BE02B00CB5765 /* Service.swift */; };
		CCF3A8ED267C1B5000CB5765 /* MockURLProtocol.swift in Sources */ = {isa = PBXBuildFile; fileRef = CCF3A8EC267C1B5000CB5765 /* MockURLProtocol.swift */; };
/* End PBXBuildFile section */

/* Begin PBXContainerItemProxy section */
		CCF3A8C7267A8ED300CB5765 /* PBXContainerItemProxy */ = {
			isa = PBXContainerItemProxy;
			containerPortal = CCF3A8AD267A8ED100CB5765 /* Project object */;
			proxyType = 1;
			remoteGlobalIDString = CCF3A8B4267A8ED100CB5765;
			remoteInfo = FeedReader;
		};
/* End PBXContainerItemProxy section */

/* Begin PBXCopyFilesBuildPhase section */
		CCCA022B26A9E0F90056D018 /* Embed Frameworks */ = {
			isa = PBXCopyFilesBuildPhase;
			buildActionMask = 2147483647;
			dstPath = "";
			dstSubfolderSpec = 10;
			files = (
			);
			name = "Embed Frameworks";
			runOnlyForDeploymentPostprocessing = 0;
		};
/* End PBXCopyFilesBuildPhase section */

/* Begin PBXFileReference section */
		CC2C87782680A9FD00570234 /* Movies.swift */ = {isa = PBXFileReference; lastKnownFileType = sourcecode.swift; path = Movies.swift; sourceTree = "<group>"; };
		CC351E1026979BBF0037DB34 /* Config.swift */ = {isa = PBXFileReference; lastKnownFileType = sourcecode.swift; path = Config.swift; sourceTree = "<group>"; };
		CC351E14269A5C020037DB34 /* MoviesListView.swift */ = {isa = PBXFileReference; lastKnownFileType = sourcecode.swift; path = MoviesListView.swift; sourceTree = "<group>"; };
		CC351E16269B77590037DB34 /* ActivityIndicatorView.swift */ = {isa = PBXFileReference; lastKnownFileType = sourcecode.swift; path = ActivityIndicatorView.swift; sourceTree = "<group>"; };
		CC351E1A269BA2070037DB34 /* MovieRowView.swift */ = {isa = PBXFileReference; lastKnownFileType = sourcecode.swift; path = MovieRowView.swift; sourceTree = "<group>"; };
		CC351E1C269BA7B80037DB34 /* MockMovie.swift */ = {isa = PBXFileReference; lastKnownFileType = sourcecode.swift; path = MockMovie.swift; sourceTree = "<group>"; };
		CC351E1E269BC7B50037DB34 /* ImageView.swift */ = {isa = PBXFileReference; lastKnownFileType = sourcecode.swift; path = ImageView.swift; sourceTree = "<group>"; };
		CC351E20269CA9960037DB34 /* MovieDetailView.swift */ = {isa = PBXFileReference; lastKnownFileType = sourcecode.swift; path = MovieDetailView.swift; sourceTree = "<group>"; };
		CC351E22269CAF990037DB34 /* MovieDetail.swift */ = {isa = PBXFileReference; lastKnownFileType = sourcecode.swift; path = MovieDetail.swift; sourceTree = "<group>"; };
		CC351E2A269DC2940037DB34 /* Helper.swift */ = {isa = PBXFileReference; lastKnownFileType = sourcecode.swift; path = Helper.swift; sourceTree = "<group>"; };
		CC351E34269F1A780037DB34 /* MoviesListViewModel.swift */ = {isa = PBXFileReference; lastKnownFileType = sourcecode.swift; path = MoviesListViewModel.swift; sourceTree = "<group>"; };
		CC351E36269F1ABE0037DB34 /* MovieDetailViewModel.swift */ = {isa = PBXFileReference; lastKnownFileType = sourcecode.swift; path = MovieDetailViewModel.swift; sourceTree = "<group>"; };
		CC351E38269F1ADD0037DB34 /* ImageViewModel.swift */ = {isa = PBXFileReference; lastKnownFileType = sourcecode.swift; path = ImageViewModel.swift; sourceTree = "<group>"; };
		CC35563026AAFCF1002D0B07 /* App+Injection.swift */ = {isa = PBXFileReference; lastKnownFileType = sourcecode.swift; path = "App+Injection.swift"; sourceTree = "<group>"; };
		CC35563326AB03AB002D0B07 /* Resolver+Tests.swift */ = {isa = PBXFileReference; lastKnownFileType = sourcecode.swift; path = "Resolver+Tests.swift"; sourceTree = "<group>"; };
		CC35563526AB23C2002D0B07 /* MockMoviesListViewModel.swift */ = {isa = PBXFileReference; lastKnownFileType = sourcecode.swift; path = MockMoviesListViewModel.swift; sourceTree = "<group>"; };
		CC35563726AB5C25002D0B07 /* MockImageViewModel.swift */ = {isa = PBXFileReference; lastKnownFileType = sourcecode.swift; path = MockImageViewModel.swift; sourceTree = "<group>"; };
		CC35563926AC5189002D0B07 /* MockMoviesDetailViewModel.swift */ = {isa = PBXFileReference; lastKnownFileType = sourcecode.swift; path = MockMoviesDetailViewModel.swift; sourceTree = "<group>"; };
		CC35563B26AE2F4A002D0B07 /* ImageCache.swift */ = {isa = PBXFileReference; lastKnownFileType = sourcecode.swift; path = ImageCache.swift; sourceTree = "<group>"; };
		CC35563D26AF50FE002D0B07 /* Styles.swift */ = {isa = PBXFileReference; lastKnownFileType = sourcecode.swift; path = Styles.swift; sourceTree = "<group>"; };
		CC3EC7AE26A189AA005D71A9 /* ErrorView.swift */ = {isa = PBXFileReference; lastKnownFileType = sourcecode.swift; path = ErrorView.swift; sourceTree = "<group>"; };
		CC3EC7B226A238CA005D71A9 /* Feedback.swift */ = {isa = PBXFileReference; lastKnownFileType = sourcecode.swift; path = Feedback.swift; sourceTree = "<group>"; };
		CC3EC7B426A238D9005D71A9 /* System.swift */ = {isa = PBXFileReference; lastKnownFileType = sourcecode.swift; path = System.swift; sourceTree = "<group>"; };
		CC3EC7B726A6040A005D71A9 /* Loadable.swift */ = {isa = PBXFileReference; lastKnownFileType = sourcecode.swift; path = Loadable.swift; sourceTree = "<group>"; };
		CC456E51268FB79900FF2113 /* APIRequestInterface.swift */ = {isa = PBXFileReference; lastKnownFileType = sourcecode.swift; path = APIRequestInterface.swift; sourceTree = "<group>"; };
		CC456E54268FD9E600FF2113 /* ExtensionsService.swift */ = {isa = PBXFileReference; lastKnownFileType = sourcecode.swift; name = ExtensionsService.swift; path = FeedReader/Extensions/ExtensionsService.swift; sourceTree = SOURCE_ROOT; };
		CC5695012680ED070055C07C /* MockResponseResult.json */ = {isa = PBXFileReference; lastKnownFileType = text.json; path = MockResponseResult.json; sourceTree = "<group>"; };
		CC569509268205B00055C07C /* HelperTests.swift */ = {isa = PBXFileReference; lastKnownFileType = sourcecode.swift; path = HelperTests.swift; sourceTree = "<group>"; };
		CCBF629726B0806100BB0592 /* StarsRatingView.swift */ = {isa = PBXFileReference; lastKnownFileType = sourcecode.swift; path = StarsRatingView.swift; sourceTree = "<group>"; };
		CCBF629926B0BF8F00BB0592 /* StarsVotedView.swift */ = {isa = PBXFileReference; lastKnownFileType = sourcecode.swift; path = StarsVotedView.swift; sourceTree = "<group>"; };
		CCBF629B26B0C23A00BB0592 /* IconValueView.swift */ = {isa = PBXFileReference; lastKnownFileType = sourcecode.swift; path = IconValueView.swift; sourceTree = "<group>"; };
		CCC199F426B1A77C00134803 /* OverlayTextView.swift */ = {isa = PBXFileReference; lastKnownFileType = sourcecode.swift; path = OverlayTextView.swift; sourceTree = "<group>"; };
		CCCA021F26A953B90056D018 /* LoadableEnums.swift */ = {isa = PBXFileReference; lastKnownFileType = sourcecode.swift; path = LoadableEnums.swift; sourceTree = "<group>"; };
		CCCA022126A9740A0056D018 /* LoadableReduce.swift */ = {isa = PBXFileReference; lastKnownFileType = sourcecode.swift; path = LoadableReduce.swift; sourceTree = "<group>"; };
		CCF3A8B5267A8ED100CB5765 /* FeedReader.app */ = {isa = PBXFileReference; explicitFileType = wrapper.application; includeInIndex = 0; path = FeedReader.app; sourceTree = BUILT_PRODUCTS_DIR; };
		CCF3A8B8267A8ED100CB5765 /* FeedReaderApp.swift */ = {isa = PBXFileReference; lastKnownFileType = sourcecode.swift; path = FeedReaderApp.swift; sourceTree = "<group>"; };
		CCF3A8BA267A8ED100CB5765 /* ContentView.swift */ = {isa = PBXFileReference; lastKnownFileType = sourcecode.swift; path = ContentView.swift; sourceTree = "<group>"; };
		CCF3A8BC267A8ED200CB5765 /* Assets.xcassets */ = {isa = PBXFileReference; lastKnownFileType = folder.assetcatalog; path = Assets.xcassets; sourceTree = "<group>"; };
		CCF3A8C1267A8ED300CB5765 /* Info.plist */ = {isa = PBXFileReference; lastKnownFileType = text.plist.xml; path = Info.plist; sourceTree = "<group>"; };
		CCF3A8C6267A8ED300CB5765 /* FeedReaderTests.xctest */ = {isa = PBXFileReference; explicitFileType = wrapper.cfbundle; includeInIndex = 0; path = FeedReaderTests.xctest; sourceTree = BUILT_PRODUCTS_DIR; };
		CCF3A8CA267A8ED300CB5765 /* ServiceSpec.swift */ = {isa = PBXFileReference; lastKnownFileType = sourcecode.swift; path = ServiceSpec.swift; sourceTree = "<group>"; };
		CCF3A8CC267A8ED300CB5765 /* Info.plist */ = {isa = PBXFileReference; lastKnownFileType = text.plist.xml; path = Info.plist; sourceTree = "<group>"; };
		CCF3A8E3267BE02B00CB5765 /* Service.swift */ = {isa = PBXFileReference; lastKnownFileType = sourcecode.swift; path = Service.swift; sourceTree = "<group>"; };
		CCF3A8EC267C1B5000CB5765 /* MockURLProtocol.swift */ = {isa = PBXFileReference; lastKnownFileType = sourcecode.swift; path = MockURLProtocol.swift; sourceTree = "<group>"; };
/* End PBXFileReference section */

/* Begin PBXFrameworksBuildPhase section */
		CCF3A8B2267A8ED100CB5765 /* Frameworks */ = {
			isa = PBXFrameworksBuildPhase;
			buildActionMask = 2147483647;
			files = (
				CC12EA6226B1E8DE00BD2BCB /* Resolver in Frameworks */,
			);
			runOnlyForDeploymentPostprocessing = 0;
		};
		CCF3A8C3267A8ED300CB5765 /* Frameworks */ = {
			isa = PBXFrameworksBuildPhase;
			buildActionMask = 2147483647;
			files = (
				CC45F75126B32A3F0050B77C /* Quick in Frameworks */,
				CC45F75326B32C3B0050B77C /* Nimble in Frameworks */,
			);
			runOnlyForDeploymentPostprocessing = 0;
		};
/* End PBXFrameworksBuildPhase section */

/* Begin PBXGroup section */
		CC351E25269DB0660037DB34 /* MovieList */ = {
			isa = PBXGroup;
			children = (
				CC351E14269A5C020037DB34 /* MoviesListView.swift */,
				CC351E34269F1A780037DB34 /* MoviesListViewModel.swift */,
				CC351E1A269BA2070037DB34 /* MovieRowView.swift */,
			);
			path = MovieList;
			sourceTree = "<group>";
		};
		CC351E26269DB0B00037DB34 /* MovieDetail */ = {
			isa = PBXGroup;
			children = (
				CC351E20269CA9960037DB34 /* MovieDetailView.swift */,
				CC351E36269F1ABE0037DB34 /* MovieDetailViewModel.swift */,
			);
			path = MovieDetail;
			sourceTree = "<group>";
		};
		CC351E27269DB1650037DB34 /* Image */ = {
			isa = PBXGroup;
			children = (
				CC351E1E269BC7B50037DB34 /* ImageView.swift */,
				CC351E38269F1ADD0037DB34 /* ImageViewModel.swift */,
				CC35563B26AE2F4A002D0B07 /* ImageCache.swift */,
			);
			path = Image;
			sourceTree = "<group>";
		};
		CC351E28269DC1E80037DB34 /* Service */ = {
			isa = PBXGroup;
			children = (
				CCF3A8E3267BE02B00CB5765 /* Service.swift */,
			);
			path = Service;
			sourceTree = "<group>";
		};
		CC351E29269DC25A0037DB34 /* Helper */ = {
			isa = PBXGroup;
			children = (
				CC351E2A269DC2940037DB34 /* Helper.swift */,
			);
			path = Helper;
			sourceTree = "<group>";
		};
		CC351E2E269DC32D0037DB34 /* Model */ = {
			isa = PBXGroup;
			children = (
				CC2C87782680A9FD00570234 /* Movies.swift */,
				CC351E22269CAF990037DB34 /* MovieDetail.swift */,
			);
			path = Model;
			sourceTree = "<group>";
		};
		CC351E2F269DC3E80037DB34 /* Extensions */ = {
			isa = PBXGroup;
			children = (
				CC456E51268FB79900FF2113 /* APIRequestInterface.swift */,
				CC456E54268FD9E600FF2113 /* ExtensionsService.swift */,
			);
			path = Extensions;
			sourceTree = "<group>";
		};
		CC351E30269DC49E0037DB34 /* Mock */ = {
			isa = PBXGroup;
			children = (
				CC35563526AB23C2002D0B07 /* MockMoviesListViewModel.swift */,
				CC35563926AC5189002D0B07 /* MockMoviesDetailViewModel.swift */,
				CC35563726AB5C25002D0B07 /* MockImageViewModel.swift */,
				CC351E1C269BA7B80037DB34 /* MockMovie.swift */,
			);
			path = Mock;
			sourceTree = "<group>";
		};
		CC35562D26AA4012002D0B07 /* Frameworks */ = {
			isa = PBXGroup;
			children = (
			);
			name = Frameworks;
			sourceTree = "<group>";
		};
		CC3EC7B026A189E3005D71A9 /* HelperView */ = {
			isa = PBXGroup;
			children = (
				CCBF629726B0806100BB0592 /* StarsRatingView.swift */,
				CC351E16269B77590037DB34 /* ActivityIndicatorView.swift */,
				CC3EC7AE26A189AA005D71A9 /* ErrorView.swift */,
				CCBF629926B0BF8F00BB0592 /* StarsVotedView.swift */,
				CCBF629B26B0C23A00BB0592 /* IconValueView.swift */,
				CCC199F426B1A77C00134803 /* OverlayTextView.swift */,
			);
			path = HelperView;
			sourceTree = "<group>";
		};
		CC3EC7B126A238AD005D71A9 /* Feedback */ = {
			isa = PBXGroup;
			children = (
				CC3EC7B226A238CA005D71A9 /* Feedback.swift */,
				CC3EC7B426A238D9005D71A9 /* System.swift */,
			);
			path = Feedback;
			sourceTree = "<group>";
		};
		CC3EC7B626A603C6005D71A9 /* Loadable */ = {
			isa = PBXGroup;
			children = (
				CC3EC7B726A6040A005D71A9 /* Loadable.swift */,
				CCCA021F26A953B90056D018 /* LoadableEnums.swift */,
				CCCA022126A9740A0056D018 /* LoadableReduce.swift */,
			);
			path = Loadable;
			sourceTree = "<group>";
		};
		CCF3A8AC267A8ED100CB5765 = {
			isa = PBXGroup;
			children = (
				CCF3A8B7267A8ED100CB5765 /* FeedReader */,
				CCF3A8C9267A8ED300CB5765 /* FeedReaderTests */,
				CCF3A8B6267A8ED100CB5765 /* Products */,
				CC35562D26AA4012002D0B07 /* Frameworks */,
			);
			sourceTree = "<group>";
		};
		CCF3A8B6267A8ED100CB5765 /* Products */ = {
			isa = PBXGroup;
			children = (
				CCF3A8B5267A8ED100CB5765 /* FeedReader.app */,
				CCF3A8C6267A8ED300CB5765 /* FeedReaderTests.xctest */,
			);
			name = Products;
			sourceTree = "<group>";
		};
		CCF3A8B7267A8ED100CB5765 /* FeedReader */ = {
			isa = PBXGroup;
			children = (
				CCF3A8B8267A8ED100CB5765 /* FeedReaderApp.swift */,
				CC35563026AAFCF1002D0B07 /* App+Injection.swift */,
				CC351E1026979BBF0037DB34 /* Config.swift */,
				CC35563D26AF50FE002D0B07 /* Styles.swift */,
				CCF3A8BA267A8ED100CB5765 /* ContentView.swift */,
				CC351E25269DB0660037DB34 /* MovieList */,
				CC351E26269DB0B00037DB34 /* MovieDetail */,
				CC351E27269DB1650037DB34 /* Image */,
				CC3EC7B626A603C6005D71A9 /* Loadable */,
				CC351E28269DC1E80037DB34 /* Service */,
				CC351E2E269DC32D0037DB34 /* Model */,
				CC351E2F269DC3E80037DB34 /* Extensions */,
				CC351E29269DC25A0037DB34 /* Helper */,
				CC3EC7B026A189E3005D71A9 /* HelperView */,
				CC3EC7B126A238AD005D71A9 /* Feedback */,
				CC351E30269DC49E0037DB34 /* Mock */,
				CCF3A8BC267A8ED200CB5765 /* Assets.xcassets */,
				CCF3A8C1267A8ED300CB5765 /* Info.plist */,
			);
			path = FeedReader;
			sourceTree = "<group>";
		};
		CCF3A8C9267A8ED300CB5765 /* FeedReaderTests */ = {
			isa = PBXGroup;
			children = (
				CC35563326AB03AB002D0B07 /* Resolver+Tests.swift */,
				CCF3A8CA267A8ED300CB5765 /* ServiceSpec.swift */,
				CCF3A8EC267C1B5000CB5765 /* MockURLProtocol.swift */,
				CC5695012680ED070055C07C /* MockResponseResult.json */,
				CC569509268205B00055C07C /* HelperTests.swift */,
				CCF3A8CC267A8ED300CB5765 /* Info.plist */,
			);
			path = FeedReaderTests;
			sourceTree = "<group>";
		};
/* End PBXGroup section */

/* Begin PBXNativeTarget section */
		CCF3A8B4267A8ED100CB5765 /* FeedReader */ = {
			isa = PBXNativeTarget;
			buildConfigurationList = CCF3A8DA267A8ED300CB5765 /* Build configuration list for PBXNativeTarget "FeedReader" */;
			buildPhases = (
				CCF3A8B1267A8ED100CB5765 /* Sources */,
				CCF3A8B2267A8ED100CB5765 /* Frameworks */,
				CCF3A8B3267A8ED100CB5765 /* Resources */,
				CCCA022B26A9E0F90056D018 /* Embed Frameworks */,
			);
			buildRules = (
			);
			dependencies = (
			);
			name = FeedReader;
			packageProductDependencies = (
				CC12EA6126B1E8DE00BD2BCB /* Resolver */,
			);
			productName = FeedReader;
			productReference = CCF3A8B5267A8ED100CB5765 /* FeedReader.app */;
			productType = "com.apple.product-type.application";
		};
		CCF3A8C5267A8ED300CB5765 /* FeedReaderTests */ = {
			isa = PBXNativeTarget;
			buildConfigurationList = CCF3A8DD267A8ED300CB5765 /* Build configuration list for PBXNativeTarget "FeedReaderTests" */;
			buildPhases = (
				CCF3A8C2267A8ED300CB5765 /* Sources */,
				CCF3A8C3267A8ED300CB5765 /* Frameworks */,
				CCF3A8C4267A8ED300CB5765 /* Resources */,
			);
			buildRules = (
			);
			dependencies = (
				CCF3A8C8267A8ED300CB5765 /* PBXTargetDependency */,
			);
			name = FeedReaderTests;
			packageProductDependencies = (
				CC45F75026B32A3F0050B77C /* Quick */,
				CC45F75226B32C3B0050B77C /* Nimble */,
			);
			productName = FeedReaderTests;
			productReference = CCF3A8C6267A8ED300CB5765 /* FeedReaderTests.xctest */;
			productType = "com.apple.product-type.bundle.unit-test";
		};
/* End PBXNativeTarget section */

/* Begin PBXProject section */
		CCF3A8AD267A8ED100CB5765 /* Project object */ = {
			isa = PBXProject;
			attributes = {
				LastSwiftUpdateCheck = 1250;
				LastUpgradeCheck = 1250;
				TargetAttributes = {
					CCF3A8B4267A8ED100CB5765 = {
						CreatedOnToolsVersion = 12.5;
					};
					CCF3A8C5267A8ED300CB5765 = {
						CreatedOnToolsVersion = 12.5;
						TestTargetID = CCF3A8B4267A8ED100CB5765;
					};
				};
			};
			buildConfigurationList = CCF3A8B0267A8ED100CB5765 /* Build configuration list for PBXProject "FeedReader" */;
			compatibilityVersion = "Xcode 9.3";
			developmentRegion = en;
			hasScannedForEncodings = 0;
			knownRegions = (
				en,
				Base,
			);
			mainGroup = CCF3A8AC267A8ED100CB5765;
			packageReferences = (
				CC12EA6026B1E8DE00BD2BCB /* XCRemoteSwiftPackageReference "Resolver" */,
				CC45F74226B2EA7C0050B77C /* XCRemoteSwiftPackageReference "Nimble" */,
				CC45F74526B2F0E80050B77C /* XCRemoteSwiftPackageReference "Quick" */,
			);
			productRefGroup = CCF3A8B6267A8ED100CB5765 /* Products */;
			projectDirPath = "";
			projectRoot = "";
			targets = (
				CCF3A8B4267A8ED100CB5765 /* FeedReader */,
				CCF3A8C5267A8ED300CB5765 /* FeedReaderTests */,
			);
		};
/* End PBXProject section */

/* Begin PBXResourcesBuildPhase section */
		CCF3A8B3267A8ED100CB5765 /* Resources */ = {
			isa = PBXResourcesBuildPhase;
			buildActionMask = 2147483647;
			files = (
				CC569508268135E70055C07C /* MockResponseResult.json in Resources */,
				CCF3A8BD267A8ED200CB5765 /* Assets.xcassets in Resources */,
			);
			runOnlyForDeploymentPostprocessing = 0;
		};
		CCF3A8C4267A8ED300CB5765 /* Resources */ = {
			isa = PBXResourcesBuildPhase;
			buildActionMask = 2147483647;
			files = (
				CC56950726812DE70055C07C /* MockResponseResult.json in Resources */,
			);
			runOnlyForDeploymentPostprocessing = 0;
		};
/* End PBXResourcesBuildPhase section */

/* Begin PBXSourcesBuildPhase section */
		CCF3A8B1267A8ED100CB5765 /* Sources */ = {
			isa = PBXSourcesBuildPhase;
			buildActionMask = 2147483647;
			files = (
				CC35563C26AE2F4A002D0B07 /* ImageCache.swift in Sources */,
				CC351E1F269BC7B50037DB34 /* ImageView.swift in Sources */,
				CC35563A26AC5189002D0B07 /* MockMoviesDetailViewModel.swift in Sources */,
				CC3EC7B526A238D9005D71A9 /* System.swift in Sources */,
				CC351E35269F1A790037DB34 /* MoviesListViewModel.swift in Sources */,
				CCCA022226A9740A0056D018 /* LoadableReduce.swift in Sources */,
				CC35563E26AF50FE002D0B07 /* Styles.swift in Sources */,
				CC35563826AB5C25002D0B07 /* MockImageViewModel.swift in Sources */,
				CC3EC7B326A238CA005D71A9 /* Feedback.swift in Sources */,
				CCF3A8E4267BE02B00CB5765 /* Service.swift in Sources */,
				CC35563126AAFCF1002D0B07 /* App+Injection.swift in Sources */,
				CC35563226AB018B002D0B07 /* MockURLProtocol.swift in Sources */,
				CCC199F526B1A77C00134803 /* OverlayTextView.swift in Sources */,
				CC351E1B269BA2070037DB34 /* MovieRowView.swift in Sources */,
				CC456E55268FD9E600FF2113 /* ExtensionsService.swift in Sources */,
				CC351E1126979BBF0037DB34 /* Config.swift in Sources */,
				CCBF629C26B0C23A00BB0592 /* IconValueView.swift in Sources */,
				CC351E2B269DC2940037DB34 /* Helper.swift in Sources */,
				CCF3A8BB267A8ED100CB5765 /* ContentView.swift in Sources */,
				CC351E37269F1ABE0037DB34 /* MovieDetailViewModel.swift in Sources */,
				CC456E53268FB7F600FF2113 /* APIRequestInterface.swift in Sources */,
				CC351E17269B77590037DB34 /* ActivityIndicatorView.swift in Sources */,
				CC2C87792680A9FD00570234 /* Movies.swift in Sources */,
				CC351E15269A5C020037DB34 /* MoviesListView.swift in Sources */,
				CC351E1D269BA7B80037DB34 /* MockMovie.swift in Sources */,
				CCCA022026A953B90056D018 /* LoadableEnums.swift in Sources */,
				CC3EC7B826A6040B005D71A9 /* Loadable.swift in Sources */,
				CC3EC7AF26A189AA005D71A9 /* ErrorView.swift in Sources */,
				CCBF629A26B0BF8F00BB0592 /* StarsVotedView.swift in Sources */,
				CC351E23269CAF990037DB34 /* MovieDetail.swift in Sources */,
				CC35563626AB23C2002D0B07 /* MockMoviesListViewModel.swift in Sources */,
				CC351E21269CA9960037DB34 /* MovieDetailView.swift in Sources */,
				CCBF629826B0806100BB0592 /* StarsRatingView.swift in Sources */,
				CC351E39269F1ADD0037DB34 /* ImageViewModel.swift in Sources */,
				CCF3A8B9267A8ED100CB5765 /* FeedReaderApp.swift in Sources */,
			);
			runOnlyForDeploymentPostprocessing = 0;
		};
		CCF3A8C2267A8ED300CB5765 /* Sources */ = {
			isa = PBXSourcesBuildPhase;
			buildActionMask = 2147483647;
			files = (
				CCF3A8EA267BFCFF00CB5765 /* Service.swift in Sources */,
				CCF3A8ED267C1B5000CB5765 /* MockURLProtocol.swift in Sources */,
				CC351E31269DC4C20037DB34 /* Movies.swift in Sources */,
				CC351E32269DC4D00037DB34 /* MovieDetail.swift in Sources */,
				CCF3A8CB267A8ED300CB5765 /* ServiceSpec.swift in Sources */,
				CC456E52268FB79900FF2113 /* APIRequestInterface.swift in Sources */,
				CC351E2C269DC2D80037DB34 /* ExtensionsService.swift in Sources */,
				CC351E33269DC4D60037DB34 /* Helper.swift in Sources */,
				CC35563426AB03AB002D0B07 /* Resolver+Tests.swift in Sources */,
				CC351E13269A580F0037DB34 /* Config.swift in Sources */,
				CC56950B2682069A0055C07C /* HelperTests.swift in Sources */,
			);
			runOnlyForDeploymentPostprocessing = 0;
		};
/* End PBXSourcesBuildPhase section */

/* Begin PBXTargetDependency section */
		CCF3A8C8267A8ED300CB5765 /* PBXTargetDependency */ = {
			isa = PBXTargetDependency;
			target = CCF3A8B4267A8ED100CB5765 /* FeedReader */;
			targetProxy = CCF3A8C7267A8ED300CB5765 /* PBXContainerItemProxy */;
		};
/* End PBXTargetDependency section */

/* Begin XCBuildConfiguration section */
		CCF3A8D8267A8ED300CB5765 /* Debug */ = {
			isa = XCBuildConfiguration;
			buildSettings = {
				ALWAYS_SEARCH_USER_PATHS = YES;
				CLANG_ANALYZER_NONNULL = YES;
				CLANG_ANALYZER_NUMBER_OBJECT_CONVERSION = YES_AGGRESSIVE;
				CLANG_CXX_LANGUAGE_STANDARD = "gnu++14";
				CLANG_CXX_LIBRARY = "libc++";
				CLANG_ENABLE_MODULES = YES;
				CLANG_ENABLE_OBJC_ARC = YES;
				CLANG_ENABLE_OBJC_WEAK = YES;
				CLANG_WARN_BLOCK_CAPTURE_AUTORELEASING = YES;
				CLANG_WARN_BOOL_CONVERSION = YES;
				CLANG_WARN_COMMA = YES;
				CLANG_WARN_CONSTANT_CONVERSION = YES;
				CLANG_WARN_DEPRECATED_OBJC_IMPLEMENTATIONS = YES;
				CLANG_WARN_DIRECT_OBJC_ISA_USAGE = YES_ERROR;
				CLANG_WARN_DOCUMENTATION_COMMENTS = YES;
				CLANG_WARN_EMPTY_BODY = YES;
				CLANG_WARN_ENUM_CONVERSION = YES;
				CLANG_WARN_INFINITE_RECURSION = YES;
				CLANG_WARN_INT_CONVERSION = YES;
				CLANG_WARN_NON_LITERAL_NULL_CONVERSION = YES;
				CLANG_WARN_OBJC_IMPLICIT_RETAIN_SELF = YES;
				CLANG_WARN_OBJC_LITERAL_CONVERSION = YES;
				CLANG_WARN_OBJC_ROOT_CLASS = YES_ERROR;
				CLANG_WARN_QUOTED_INCLUDE_IN_FRAMEWORK_HEADER = YES;
				CLANG_WARN_RANGE_LOOP_ANALYSIS = YES;
				CLANG_WARN_STRICT_PROTOTYPES = YES;
				CLANG_WARN_SUSPICIOUS_MOVE = YES;
				CLANG_WARN_UNGUARDED_AVAILABILITY = YES_AGGRESSIVE;
				CLANG_WARN_UNREACHABLE_CODE = YES;
				CLANG_WARN__DUPLICATE_METHOD_MATCH = YES;
				COPY_PHASE_STRIP = NO;
				DEBUG_INFORMATION_FORMAT = dwarf;
				ENABLE_STRICT_OBJC_MSGSEND = YES;
				ENABLE_TESTABILITY = YES;
				GCC_C_LANGUAGE_STANDARD = gnu11;
				GCC_DYNAMIC_NO_PIC = NO;
				GCC_NO_COMMON_BLOCKS = YES;
				GCC_OPTIMIZATION_LEVEL = 0;
				GCC_PREPROCESSOR_DEFINITIONS = (
					"DEBUG=1",
					"$(inherited)",
				);
				GCC_WARN_64_TO_32_BIT_CONVERSION = YES;
				GCC_WARN_ABOUT_RETURN_TYPE = YES_ERROR;
				GCC_WARN_UNDECLARED_SELECTOR = YES;
				GCC_WARN_UNINITIALIZED_AUTOS = YES_AGGRESSIVE;
				GCC_WARN_UNUSED_FUNCTION = YES;
				GCC_WARN_UNUSED_VARIABLE = YES;
				IPHONEOS_DEPLOYMENT_TARGET = 14.1;
				MTL_ENABLE_DEBUG_INFO = INCLUDE_SOURCE;
				MTL_FAST_MATH = YES;
				ONLY_ACTIVE_ARCH = YES;
				SDKROOT = iphoneos;
				SWIFT_ACTIVE_COMPILATION_CONDITIONS = DEBUG;
				SWIFT_OPTIMIZATION_LEVEL = "-Onone";
			};
			name = Debug;
		};
		CCF3A8D9267A8ED300CB5765 /* Release */ = {
			isa = XCBuildConfiguration;
			buildSettings = {
				ALWAYS_SEARCH_USER_PATHS = YES;
				CLANG_ANALYZER_NONNULL = YES;
				CLANG_ANALYZER_NUMBER_OBJECT_CONVERSION = YES_AGGRESSIVE;
				CLANG_CXX_LANGUAGE_STANDARD = "gnu++14";
				CLANG_CXX_LIBRARY = "libc++";
				CLANG_ENABLE_MODULES = YES;
				CLANG_ENABLE_OBJC_ARC = YES;
				CLANG_ENABLE_OBJC_WEAK = YES;
				CLANG_WARN_BLOCK_CAPTURE_AUTORELEASING = YES;
				CLANG_WARN_BOOL_CONVERSION = YES;
				CLANG_WARN_COMMA = YES;
				CLANG_WARN_CONSTANT_CONVERSION = YES;
				CLANG_WARN_DEPRECATED_OBJC_IMPLEMENTATIONS = YES;
				CLANG_WARN_DIRECT_OBJC_ISA_USAGE = YES_ERROR;
				CLANG_WARN_DOCUMENTATION_COMMENTS = YES;
				CLANG_WARN_EMPTY_BODY = YES;
				CLANG_WARN_ENUM_CONVERSION = YES;
				CLANG_WARN_INFINITE_RECURSION = YES;
				CLANG_WARN_INT_CONVERSION = YES;
				CLANG_WARN_NON_LITERAL_NULL_CONVERSION = YES;
				CLANG_WARN_OBJC_IMPLICIT_RETAIN_SELF = YES;
				CLANG_WARN_OBJC_LITERAL_CONVERSION = YES;
				CLANG_WARN_OBJC_ROOT_CLASS = YES_ERROR;
				CLANG_WARN_QUOTED_INCLUDE_IN_FRAMEWORK_HEADER = YES;
				CLANG_WARN_RANGE_LOOP_ANALYSIS = YES;
				CLANG_WARN_STRICT_PROTOTYPES = YES;
				CLANG_WARN_SUSPICIOUS_MOVE = YES;
				CLANG_WARN_UNGUARDED_AVAILABILITY = YES_AGGRESSIVE;
				CLANG_WARN_UNREACHABLE_CODE = YES;
				CLANG_WARN__DUPLICATE_METHOD_MATCH = YES;
				COPY_PHASE_STRIP = NO;
				DEBUG_INFORMATION_FORMAT = "dwarf-with-dsym";
				ENABLE_NS_ASSERTIONS = NO;
				ENABLE_STRICT_OBJC_MSGSEND = YES;
				GCC_C_LANGUAGE_STANDARD = gnu11;
				GCC_NO_COMMON_BLOCKS = YES;
				GCC_WARN_64_TO_32_BIT_CONVERSION = YES;
				GCC_WARN_ABOUT_RETURN_TYPE = YES_ERROR;
				GCC_WARN_UNDECLARED_SELECTOR = YES;
				GCC_WARN_UNINITIALIZED_AUTOS = YES_AGGRESSIVE;
				GCC_WARN_UNUSED_FUNCTION = YES;
				GCC_WARN_UNUSED_VARIABLE = YES;
				IPHONEOS_DEPLOYMENT_TARGET = 14.1;
				MTL_ENABLE_DEBUG_INFO = NO;
				MTL_FAST_MATH = YES;
				SDKROOT = iphoneos;
				SWIFT_COMPILATION_MODE = wholemodule;
				SWIFT_OPTIMIZATION_LEVEL = "-O";
				VALIDATE_PRODUCT = YES;
			};
			name = Release;
		};
		CCF3A8DB267A8ED300CB5765 /* Debug */ = {
			isa = XCBuildConfiguration;
			buildSettings = {
				ASSETCATALOG_COMPILER_APPICON_NAME = AppIcon;
				ASSETCATALOG_COMPILER_GLOBAL_ACCENT_COLOR_NAME = AccentColor;
				CODE_SIGN_STYLE = Automatic;
				DEVELOPMENT_ASSET_PATHS = "\"FeedReader/Preview Content\"";
				DEVELOPMENT_TEAM = L52S2L262Q;
				ENABLE_PREVIEWS = YES;
				INFOPLIST_FILE = FeedReader/Info.plist;
				IPHONEOS_DEPLOYMENT_TARGET = 14.0;
				LD_RUNPATH_SEARCH_PATHS = (
					"$(inherited)",
					"@executable_path/Frameworks",
				);
				PRODUCT_BUNDLE_IDENTIFIER = "Stan-Gajda.FeedReader";
				PRODUCT_NAME = "$(TARGET_NAME)";
				SWIFT_VERSION = 5.0;
				TARGETED_DEVICE_FAMILY = "1,2";
			};
			name = Debug;
		};
		CCF3A8DC267A8ED300CB5765 /* Release */ = {
			isa = XCBuildConfiguration;
			buildSettings = {
				ASSETCATALOG_COMPILER_APPICON_NAME = AppIcon;
				ASSETCATALOG_COMPILER_GLOBAL_ACCENT_COLOR_NAME = AccentColor;
				CODE_SIGN_STYLE = Automatic;
				DEVELOPMENT_ASSET_PATHS = "\"FeedReader/Preview Content\"";
				DEVELOPMENT_TEAM = L52S2L262Q;
				ENABLE_PREVIEWS = YES;
				INFOPLIST_FILE = FeedReader/Info.plist;
				IPHONEOS_DEPLOYMENT_TARGET = 14.0;
				LD_RUNPATH_SEARCH_PATHS = (
					"$(inherited)",
					"@executable_path/Frameworks",
				);
				PRODUCT_BUNDLE_IDENTIFIER = "Stan-Gajda.FeedReader";
				PRODUCT_NAME = "$(TARGET_NAME)";
				SWIFT_VERSION = 5.0;
				TARGETED_DEVICE_FAMILY = "1,2";
			};
			name = Release;
		};
		CCF3A8DE267A8ED300CB5765 /* Debug */ = {
			isa = XCBuildConfiguration;
			buildSettings = {
				ALWAYS_EMBED_SWIFT_STANDARD_LIBRARIES = YES;
				BUNDLE_LOADER = "$(TEST_HOST)";
				CODE_SIGN_STYLE = Automatic;
				DEVELOPMENT_TEAM = L52S2L262Q;
				INFOPLIST_FILE = FeedReaderTests/Info.plist;
				IPHONEOS_DEPLOYMENT_TARGET = 14.0;
				LD_RUNPATH_SEARCH_PATHS = (
					"$(inherited)",
					"@executable_path/Frameworks",
					"@loader_path/Frameworks",
				);
				PRODUCT_BUNDLE_IDENTIFIER = "Stan-Gajda.FeedReaderTests";
				PRODUCT_NAME = "$(TARGET_NAME)";
				SWIFT_VERSION = 5.0;
				TARGETED_DEVICE_FAMILY = "1,2";
				TEST_HOST = "$(BUILT_PRODUCTS_DIR)/FeedReader.app/FeedReader";
			};
			name = Debug;
		};
		CCF3A8DF267A8ED300CB5765 /* Release */ = {
			isa = XCBuildConfiguration;
			buildSettings = {
				ALWAYS_EMBED_SWIFT_STANDARD_LIBRARIES = YES;
				BUNDLE_LOADER = "$(TEST_HOST)";
				CODE_SIGN_STYLE = Automatic;
				DEVELOPMENT_TEAM = L52S2L262Q;
				INFOPLIST_FILE = FeedReaderTests/Info.plist;
				IPHONEOS_DEPLOYMENT_TARGET = 14.0;
				LD_RUNPATH_SEARCH_PATHS = (
					"$(inherited)",
					"@executable_path/Frameworks",
					"@loader_path/Frameworks",
				);
				PRODUCT_BUNDLE_IDENTIFIER = "Stan-Gajda.FeedReaderTests";
				PRODUCT_NAME = "$(TARGET_NAME)";
				SWIFT_VERSION = 5.0;
				TARGETED_DEVICE_FAMILY = "1,2";
				TEST_HOST = "$(BUILT_PRODUCTS_DIR)/FeedReader.app/FeedReader";
			};
			name = Release;
		};
/* End XCBuildConfiguration section */

/* Begin XCConfigurationList section */
		CCF3A8B0267A8ED100CB5765 /* Build configuration list for PBXProject "FeedReader" */ = {
			isa = XCConfigurationList;
			buildConfigurations = (
				CCF3A8D8267A8ED300CB5765 /* Debug */,
				CCF3A8D9267A8ED300CB5765 /* Release */,
			);
			defaultConfigurationIsVisible = 0;
			defaultConfigurationName = Release;
		};
		CCF3A8DA267A8ED300CB5765 /* Build configuration list for PBXNativeTarget "FeedReader" */ = {
			isa = XCConfigurationList;
			buildConfigurations = (
				CCF3A8DB267A8ED300CB5765 /* Debug */,
				CCF3A8DC267A8ED300CB5765 /* Release */,
			);
			defaultConfigurationIsVisible = 0;
			defaultConfigurationName = Release;
		};
		CCF3A8DD267A8ED300CB5765 /* Build configuration list for PBXNativeTarget "FeedReaderTests" */ = {
			isa = XCConfigurationList;
			buildConfigurations = (
				CCF3A8DE267A8ED300CB5765 /* Debug */,
				CCF3A8DF267A8ED300CB5765 /* Release */,
			);
			defaultConfigurationIsVisible = 0;
			defaultConfigurationName = Release;
		};
/* End XCConfigurationList section */

/* Begin XCRemoteSwiftPackageReference section */
		CC12EA6026B1E8DE00BD2BCB /* XCRemoteSwiftPackageReference "Resolver" */ = {
			isa = XCRemoteSwiftPackageReference;
			repositoryURL = "https://github.com/hmlongco/Resolver";
			requirement = {
				kind = exactVersion;
				version = 1.4.3;
			};
		};
		CC45F74226B2EA7C0050B77C /* XCRemoteSwiftPackageReference "Nimble" */ = {
			isa = XCRemoteSwiftPackageReference;
			repositoryURL = "https://github.com/Quick/Nimble";
			requirement = {
				kind = exactVersion;
				version = 9.2.0;
			};
		};
		CC45F74526B2F0E80050B77C /* XCRemoteSwiftPackageReference "Quick" */ = {
			isa = XCRemoteSwiftPackageReference;
			repositoryURL = "https://github.com/Quick/Quick";
			requirement = {
				kind = exactVersion;
				version = 4.0.0;
			};
		};
/* End XCRemoteSwiftPackageReference section */

/* Begin XCSwiftPackageProductDependency section */
		CC12EA6126B1E8DE00BD2BCB /* Resolver */ = {
			isa = XCSwiftPackageProductDependency;
			package = CC12EA6026B1E8DE00BD2BCB /* XCRemoteSwiftPackageReference "Resolver" */;
			productName = Resolver;
		};
		CC45F75026B32A3F0050B77C /* Quick */ = {
			isa = XCSwiftPackageProductDependency;
			package = CC45F74526B2F0E80050B77C /* XCRemoteSwiftPackageReference "Quick" */;
			productName = Quick;
		};
		CC45F75226B32C3B0050B77C /* Nimble */ = {
			isa = XCSwiftPackageProductDependency;
			package = CC45F74226B2EA7C0050B77C /* XCRemoteSwiftPackageReference "Nimble" */;
			productName = Nimble;
		};
/* End XCSwiftPackageProductDependency section */
	};
	rootObject = CCF3A8AD267A8ED100CB5765 /* Project object */;
}
